
Microsoft Visual Studio Solution File, Format Version 12.00
# Visual Studio Version 17
VisualStudioVersion = 17.7.34031.279
MinimumVisualStudioVersion = 10.0.40219.1
Project("{9A19103F-16F7-4668-BE54-9A1E7A4F7556}") = "WGetTest", "WGetTest\WGetTest.csproj", "{914420B7-9116-4456-BCB3-BF424A5F0E8A}"
	ProjectSection(ProjectDependencies) = postProject
		{975BE923-230B-4CF6-8CA3-67F3DD7C03E4} = {975BE923-230B-4CF6-8CA3-67F3DD7C03E4}
	EndProjectSection
EndProject
Project("{9A19103F-16F7-4668-BE54-9A1E7A4F7556}") = "WGet.NET", "WGet.NET\WGet.NET.csproj", "{975BE923-230B-4CF6-8CA3-67F3DD7C03E4}"
EndProject
Project("{FAE04EC0-301F-11D3-BF4B-00C04F79EFBC}") = "WGetTestLegacySupport", "WGetTestLegacySupport\WGetTestLegacySupport.csproj", "{E95FDAF2-A9E8-4BDF-94FF-0C72561E32E2}"
EndProject
Project("{9A19103F-16F7-4668-BE54-9A1E7A4F7556}") = "_build", "build\_build.csproj", "{24811039-65CA-46B2-A324-422F5522CD05}"
EndProject
Global
	GlobalSection(SolutionConfigurationPlatforms) = preSolution
		Debug|Any CPU = Debug|Any CPU
		Release|Any CPU = Release|Any CPU
	EndGlobalSection
	GlobalSection(ProjectConfigurationPlatforms) = postSolution
		{914420B7-9116-4456-BCB3-BF424A5F0E8A}.Debug|Any CPU.ActiveCfg = Debug|Any CPU
		{914420B7-9116-4456-BCB3-BF424A5F0E8A}.Debug|Any CPU.Build.0 = Debug|Any CPU
		{914420B7-9116-4456-BCB3-BF424A5F0E8A}.Release|Any CPU.ActiveCfg = Release|Any CPU
		{914420B7-9116-4456-BCB3-BF424A5F0E8A}.Release|Any CPU.Build.0 = Release|Any CPU
		{975BE923-230B-4CF6-8CA3-67F3DD7C03E4}.Debug|Any CPU.ActiveCfg = Debug|Any CPU
		{975BE923-230B-4CF6-8CA3-67F3DD7C03E4}.Debug|Any CPU.Build.0 = Debug|Any CPU
		{975BE923-230B-4CF6-8CA3-67F3DD7C03E4}.Release|Any CPU.ActiveCfg = Release|Any CPU
		{975BE923-230B-4CF6-8CA3-67F3DD7C03E4}.Release|Any CPU.Build.0 = Release|Any CPU
		{E95FDAF2-A9E8-4BDF-94FF-0C72561E32E2}.Debug|Any CPU.ActiveCfg = Debug|Any CPU
		{E95FDAF2-A9E8-4BDF-94FF-0C72561E32E2}.Debug|Any CPU.Build.0 = Debug|Any CPU
		{E95FDAF2-A9E8-4BDF-94FF-0C72561E32E2}.Release|Any CPU.ActiveCfg = Release|Any CPU
		{E95FDAF2-A9E8-4BDF-94FF-0C72561E32E2}.Release|Any CPU.Build.0 = Release|Any CPU
		{24811039-65CA-46B2-A324-422F5522CD05}.Debug|Any CPU.ActiveCfg = Debug|Any CPU
		{24811039-65CA-46B2-A324-422F5522CD05}.Debug|Any CPU.Build.0 = Debug|Any CPU
		{24811039-65CA-46B2-A324-422F5522CD05}.Release|Any CPU.ActiveCfg = Release|Any CPU
		{24811039-65CA-46B2-A324-422F5522CD05}.Release|Any CPU.Build.0 = Release|Any CPU
	EndGlobalSection
	GlobalSection(SolutionProperties) = preSolution
		HideSolutionNode = FALSE
	EndGlobalSection
	GlobalSection(ExtensibilityGlobals) = postSolution
		SolutionGuid = {D4C7B217-ADB5-4024-9CF0-26DD1D92B489}
	EndGlobalSection
EndGlobal
